
Microsoft Visual Studio Solution File, Format Version 12.00
# Visual Studio 15
VisualStudioVersion = 15.0.26124.0
MinimumVisualStudioVersion = 15.0.26124.0
Project("{FAE04EC0-301F-11D3-BF4B-00C04F79EFBC}") = "GameTop", "GameTop\GameTop.csproj", "{1B688762-1827-41AE-93F2-7BEACF24314F}"
EndProject
Project("{FAE04EC0-301F-11D3-BF4B-00C04F79EFBC}") = "GameTop.Lib", "GameTop.Lib\GameTop.Lib.csproj", "{57A98678-F4A5-40B0-80EE-F4A5473025B5}"
EndProject
Project("{FAE04EC0-301F-11D3-BF4B-00C04F79EFBC}") = "GameTop.Interface", "GameTop.Interface\GameTop.Interface.csproj", "{4306A0C9-00C9-4922-A334-E47E871996F1}"
EndProject
Global
	GlobalSection(SolutionConfigurationPlatforms) = preSolution
		Debug|Any CPU = Debug|Any CPU
		Debug|x64 = Debug|x64
		Debug|x86 = Debug|x86
		Release|Any CPU = Release|Any CPU
		Release|x64 = Release|x64
		Release|x86 = Release|x86
	EndGlobalSection
	GlobalSection(SolutionProperties) = preSolution
		HideSolutionNode = FALSE
	EndGlobalSection
	GlobalSection(ProjectConfigurationPlatforms) = postSolution
		{1B688762-1827-41AE-93F2-7BEACF24314F}.Debug|Any CPU.ActiveCfg = Debug|Any CPU
		{1B688762-1827-41AE-93F2-7BEACF24314F}.Debug|Any CPU.Build.0 = Debug|Any CPU
		{1B688762-1827-41AE-93F2-7BEACF24314F}.Debug|x64.ActiveCfg = Debug|Any CPU
		{1B688762-1827-41AE-93F2-7BEACF24314F}.Debug|x64.Build.0 = Debug|Any CPU
		{1B688762-1827-41AE-93F2-7BEACF24314F}.Debug|x86.ActiveCfg = Debug|Any CPU
		{1B688762-1827-41AE-93F2-7BEACF24314F}.Debug|x86.Build.0 = Debug|Any CPU
		{1B688762-1827-41AE-93F2-7BEACF24314F}.Release|Any CPU.ActiveCfg = Release|Any CPU
		{1B688762-1827-41AE-93F2-7BEACF24314F}.Release|Any CPU.Build.0 = Release|Any CPU
		{1B688762-1827-41AE-93F2-7BEACF24314F}.Release|x64.ActiveCfg = Release|Any CPU
		{1B688762-1827-41AE-93F2-7BEACF24314F}.Release|x64.Build.0 = Release|Any CPU
		{1B688762-1827-41AE-93F2-7BEACF24314F}.Release|x86.ActiveCfg = Release|Any CPU
		{1B688762-1827-41AE-93F2-7BEACF24314F}.Release|x86.Build.0 = Release|Any CPU
		{57A98678-F4A5-40B0-80EE-F4A5473025B5}.Debug|Any CPU.ActiveCfg = Debug|Any CPU
		{57A98678-F4A5-40B0-80EE-F4A5473025B5}.Debug|Any CPU.Build.0 = Debug|Any CPU
		{57A98678-F4A5-40B0-80EE-F4A5473025B5}.Debug|x64.ActiveCfg = Debug|Any CPU
		{57A98678-F4A5-40B0-80EE-F4A5473025B5}.Debug|x64.Build.0 = Debug|Any CPU
		{57A98678-F4A5-40B0-80EE-F4A5473025B5}.Debug|x86.ActiveCfg = Debug|Any CPU
		{57A98678-F4A5-40B0-80EE-F4A5473025B5}.Debug|x86.Build.0 = Debug|Any CPU
		{57A98678-F4A5-40B0-80EE-F4A5473025B5}.Release|Any CPU.ActiveCfg = Release|Any CPU
		{57A98678-F4A5-40B0-80EE-F4A5473025B5}.Release|Any CPU.Build.0 = Release|Any CPU
		{57A98678-F4A5-40B0-80EE-F4A5473025B5}.Release|x64.ActiveCfg = Release|Any CPU
		{57A98678-F4A5-40B0-80EE-F4A5473025B5}.Release|x64.Build.0 = Release|Any CPU
		{57A98678-F4A5-40B0-80EE-F4A5473025B5}.Release|x86.ActiveCfg = Release|Any CPU
		{57A98678-F4A5-40B0-80EE-F4A5473025B5}.Release|x86.Build.0 = Release|Any CPU
		{4306A0C9-00C9-4922-A334-E47E871996F1}.Debug|Any CPU.ActiveCfg = Debug|Any CPU
		{4306A0C9-00C9-4922-A334-E47E871996F1}.Debug|Any CPU.Build.0 = Debug|Any CPU
		{4306A0C9-00C9-4922-A334-E47E871996F1}.Debug|x64.ActiveCfg = Debug|Any CPU
		{4306A0C9-00C9-4922-A334-E47E871996F1}.Debug|x64.Build.0 = Debug|Any CPU
		{4306A0C9-00C9-4922-A334-E47E871996F1}.Debug|x86.ActiveCfg = Debug|Any CPU
		{4306A0C9-00C9-4922-A334-E47E871996F1}.Debug|x86.Build.0 = Debug|Any CPU
		{4306A0C9-00C9-4922-A334-E47E871996F1}.Release|Any CPU.ActiveCfg = Release|Any CPU
		{4306A0C9-00C9-4922-A334-E47E871996F1}.Release|Any CPU.Build.0 = Release|Any CPU
		{4306A0C9-00C9-4922-A334-E47E871996F1}.Release|x64.ActiveCfg = Release|Any CPU
		{4306A0C9-00C9-4922-A334-E47E871996F1}.Release|x64.Build.0 = Release|Any CPU
		{4306A0C9-00C9-4922-A334-E47E871996F1}.Release|x86.ActiveCfg = Release|Any CPU
		{4306A0C9-00C9-4922-A334-E47E871996F1}.Release|x86.Build.0 = Release|Any CPU
	EndGlobalSection
EndGlobal
